
Microsoft Visual Studio Solution File, Format Version 12.00
# Visual Studio Version 17
VisualStudioVersion = 17.5.33516.290
MinimumVisualStudioVersion = 10.0.40219.1
Project("{FAE04EC0-301F-11D3-BF4B-00C04F79EFBC}") = "collection", "ConsoleApp3\collection.csproj", "{08D9050D-1660-42A0-8F53-95C903E24473}"
EndProject
Global
	GlobalSection(SolutionConfigurationPlatforms) = preSolution
		Debug|Any CPU = Debug|Any CPU
		Release|Any CPU = Release|Any CPU
	EndGlobalSection
	GlobalSection(ProjectConfigurationPlatforms) = postSolution
		{08D9050D-1660-42A0-8F53-95C903E24473}.Debug|Any CPU.ActiveCfg = Debug|Any CPU
		{08D9050D-1660-42A0-8F53-95C903E24473}.Debug|Any CPU.Build.0 = Debug|Any CPU
		{08D9050D-1660-42A0-8F53-95C903E24473}.Release|Any CPU.ActiveCfg = Release|Any CPU
		{08D9050D-1660-42A0-8F53-95C903E24473}.Release|Any CPU.Build.0 = Release|Any CPU
	EndGlobalSection
	GlobalSection(SolutionProperties) = preSolution
		HideSolutionNode = FALSE
	EndGlobalSection
	GlobalSection(ExtensibilityGlobals) = postSolution
		SolutionGuid = {6575CA99-E76B-4A25-8622-AD158392D969}
	EndGlobalSection
EndGlobal
